// !$*UTF8*$!
{
	archiveVersion = 1;
	classes = {
	};
	objectVersion = 77;
	objects = {

/* Begin PBXBuildFile section */
		8064897E30335CE2005229DE /* Eurasian_wolf_2.jpg in Resources */ = {isa = PBXBuildFile; fileRef = 8064896430335CE2005229DE /* Eurasian_wolf_2.jpg */; };
		8064897F30335CE2005229DE /* icon_cat.jpg in Resources */ = {isa = PBXBuildFile; fileRef = 8064893D30335CE2005229DE /* icon_cat.jpg */; };
		8064898030335CE2005229DE /* Contents.json in Resources */ = {isa = PBXBuildFile; fileRef = 8064896F30335CE2005229DE /* Contents.json */; };
		8064898130335CE2005229DE /* Contents.json in Resources */ = {isa = PBXBuildFile; fileRef = 8064897530335CE2005229DE /* Contents.json */; };
		8064898230335CE2005229DE /* 1200px-A_cat_on_a_motorcycle_in_the_medina_of_Tunis_20171017_131525.jpg in Resources */ = {isa = PBXBuildFile; fileRef = 8064895130335CE2005229DE /* 1200px-A_cat_on_a_motorcycle_in_the_medina_of_Tunis_20171017_131525.jpg */; };
		8064898330335CE2005229DE /* Koe_zijaanzicht_2.jpeg in Resources */ = {isa = PBXBuildFile; fileRef = 8064895830335CE2005229DE /* Koe_zijaanzicht_2.jpeg */; };
		8064898430335CE2005229DE /* Contents.json in Resources */ = {isa = PBXBuildFile; fileRef = 8064893C30335CE2005229DE /* Contents.json */; };
		8064898530335CE2005229DE /* icon_cow.jpg in Resources */ = {isa = PBXBuildFile; fileRef = 8064894330335CE2005229DE /* icon_cow.jpg */; };
		8064898630335CE2005229DE /* Cow_Sound.mp3 in Resources */ = {isa = PBXBuildFile; fileRef = 8064896D30335CE2005229DE /* Cow_Sound.mp3 */; };
		8064898730335CE2005229DE /* Contents.json in Resources */ = {isa = PBXBuildFile; fileRef = 8064896730335CE2005229DE /* Contents.json */; };
		8064898830335CE2005229DE /* Contents.json in Resources */ = {isa = PBXBuildFile; fileRef = 8064895230335CE2005229DE /* Contents.json */; };
		8064898930335CE2005229DE /* sound_chicken.mp3 in Resources */ = {isa = PBXBuildFile; fileRef = 8064896A30335CE2005229DE /* sound_chicken.mp3 */; };
		8064898A30335CE2005229DE /* sound_eagle.mp3 in Resources */ = {isa = PBXBuildFile; fileRef = 8064897330335CE2005229DE /* sound_eagle.mp3 */; };
		8064898B30335CE2005229DE /* Cat_Sound.mp3 in Resources */ = {isa = PBXBuildFile; fileRef = 8064896630335CE2005229DE /* Cat_Sound.mp3 */; };
		8064898C30335CE2005229DE /* Contents.json in Resources */ = {isa = PBXBuildFile; fileRef = 8064894E30335CE2005229DE /* Contents.json */; };
		8064898D30335CE2005229DE /* Contents.json in Resources */ = {isa = PBXBuildFile; fileRef = 8064897230335CE2005229DE /* Contents.json */; };
		8064898E30335CE2005229DE /* Contents.json in Resources */ = {isa = PBXBuildFile; fileRef = 8064895E30335CE2005229DE /* Contents.json */; };
		8064898F30335CE2005229DE /* Contents.json in Resources */ = {isa = PBXBuildFile; fileRef = 8064897830335CE2005229DE /* Contents.json */; };
		8064899030335CE2005229DE /* icon_duck.jpg in Resources */ = {isa = PBXBuildFile; fileRef = 8064894630335CE2005229DE /* icon_duck.jpg */; };
		8064899130335CE2005229DE /* Horse_Sound.mp3 in Resources */ = {isa = PBXBuildFile; fileRef = 8064897630335CE2005229DE /* Horse_Sound.mp3 */; };
		8064899230335CE2005229DE /* sound_duck.mp3 in Resources */ = {isa = PBXBuildFile; fileRef = 8064897030335CE2005229DE /* sound_duck.mp3 */; };
		8064899330335CE2005229DE /* Contents.json in Resources */ = {isa = PBXBuildFile; fileRef = 8064894530335CE2005229DE /* Contents.json */; };
		8064899430335CE2005229DE /* Contents.json in Resources */ = {isa = PBXBuildFile; fileRef = 8064894B30335CE2005229DE /* Contents.json */; };
		8064899530335CE2005229DE /* American_quarter_horse.jpg in Resources */ = {isa = PBXBuildFile; fileRef = 8064896030335CE2005229DE /* American_quarter_horse.jpg */; };
		8064899630335CE2005229DE /* icon_eagle.jpg in Resources */ = {isa = PBXBuildFile; fileRef = 8064894930335CE2005229DE /* icon_eagle.jpg */; };
		8064899730335CE2005229DE /* Contents.json in Resources */ = {isa = PBXBuildFile; fileRef = 8064895A30335CE2005229DE /* Contents.json */; };
		8064899830335CE2005229DE /* icon_chicken.jpg in Resources */ = {isa = PBXBuildFile; fileRef = 8064894030335CE2005229DE /* icon_chicken.jpg */; };
		8064899930335CE2005229DE /* Wolf_Sound.mp3 in Resources */ = {isa = PBXBuildFile; fileRef = 8064897930335CE2005229DE /* Wolf_Sound.mp3 */; };
		8064899A30335CE2005229DE /* image_duck.jpeg in Resources */ = {isa = PBXBuildFile; fileRef = 8064895B30335CE2005229DE /* image_duck.jpeg */; };
		8064899B30335CE2005229DE /* Bald_Eagle_Portrait.jpg in Resources */ = {isa = PBXBuildFile; fileRef = 8064895D30335CE2005229DE /* Bald_Eagle_Portrait.jpg */; };
		8064899C30335CE2005229DE /* Contents.json in Resources */ = {isa = PBXBuildFile; fileRef = 8064894230335CE2005229DE /* Contents.json */; };
		8064899D30335CE2005229DE /* Contents.json in Resources */ = {isa = PBXBuildFile; fileRef = 8064896330335CE2005229DE /* Contents.json */; };
		8064899E30335CE2005229DE /* Contents.json in Resources */ = {isa = PBXBuildFile; fileRef = 8064894830335CE2005229DE /* Contents.json */; };
		8064899F30335CE2005229DE /* Contents.json in Resources */ = {isa = PBXBuildFile; fileRef = 8064893F30335CE2005229DE /* Contents.json */; };
		806489A030335CE2005229DE /* Contents.json in Resources */ = {isa = PBXBuildFile; fileRef = 8064895430335CE2005229DE /* Contents.json */; };
		806489A130335CE2005229DE /* icon_horse.jpg in Resources */ = {isa = PBXBuildFile; fileRef = 8064894C30335CE2005229DE /* icon_horse.jpg */; };
		806489A230335CE2005229DE /* Masahiro.jpg in Resources */ = {isa = PBXBuildFile; fileRef = 8064895530335CE2005229DE /* Masahiro.jpg */; };
		806489A330335CE2005229DE /* Contents.json in Resources */ = {isa = PBXBuildFile; fileRef = 8064895730335CE2005229DE /* Contents.json */; };
		806489A430335CE2005229DE /* Contents.json in Resources */ = {isa = PBXBuildFile; fileRef = 8064896C30335CE2005229DE /* Contents.json */; };
		806489A530335CE2005229DE /* icon_wolf.jpg in Resources */ = {isa = PBXBuildFile; fileRef = 8064894F30335CE2005229DE /* icon_wolf.jpg */; };
		806489A630335CE2005229DE /* Contents.json in Resources */ = {isa = PBXBuildFile; fileRef = 8064896930335CE2005229DE /* Contents.json */; };
		806489A730335CE2005229DE /* Contents.json in Resources */ = {isa = PBXBuildFile; fileRef = 8064896130335CE2005229DE /* Contents.json */; };
/* End PBXBuildFile section */

/* Begin PBXContainerItemProxy section */
		8064892030335916005229DE /* PBXContainerItemProxy */ = {
			isa = PBXContainerItemProxy;
			containerPortal = 8064890730335913005229DE /* Project object */;
			proxyType = 1;
			remoteGlobalIDString = 8064890E30335913005229DE;
			remoteInfo = ListApp;
		};
		8064892A30335916005229DE /* PBXContainerItemProxy */ = {
			isa = PBXContainerItemProxy;
			containerPortal = 8064890730335913005229DE /* Project object */;
			proxyType = 1;
			remoteGlobalIDString = 8064890E30335913005229DE;
			remoteInfo = ListApp;
		};
/* End PBXContainerItemProxy section */

/* Begin PBXFileReference section */
		8064890F30335913005229DE /* ListApp.app */ = {isa = PBXFileReference; explicitFileType = wrapper.application; includeInIndex = 0; path = ListApp.app; sourceTree = BUILT_PRODUCTS_DIR; };
		8064891F30335916005229DE /* ListAppTests.xctest */ = {isa = PBXFileReference; explicitFileType = wrapper.cfbundle; includeInIndex = 0; path = ListAppTests.xctest; sourceTree = BUILT_PRODUCTS_DIR; };
		8064892930335916005229DE /* ListAppUITests.xctest */ = {isa = PBXFileReference; explicitFileType = wrapper.cfbundle; includeInIndex = 0; path = ListAppUITests.xctest; sourceTree = BUILT_PRODUCTS_DIR; };
		8064893C30335CE2005229DE /* Contents.json */ = {isa = PBXFileReference; lastKnownFileType = text.json; path = Contents.json; sourceTree = "<group>"; };
		8064893D30335CE2005229DE /* icon_cat.jpg */ = {isa = PBXFileReference; lastKnownFileType = image.jpeg; path = icon_cat.jpg; sourceTree = "<group>"; };
		8064893F30335CE2005229DE /* Contents.json */ = {isa = PBXFileReference; lastKnownFileType = text.json; path = Contents.json; sourceTree = "<group>"; };
		8064894030335CE2005229DE /* icon_chicken.jpg */ = {isa = PBXFileReference; lastKnownFileType = image.jpeg; path = icon_chicken.jpg; sourceTree = "<group>"; };
		8064894230335CE2005229DE /* Contents.json */ = {isa = PBXFileReference; lastKnownFileType = text.json; path = Contents.json; sourceTree = "<group>"; };
		8064894330335CE2005229DE /* icon_cow.jpg */ = {isa = PBXFileReference; lastKnownFileType = image.jpeg; path = icon_cow.jpg; sourceTree = "<group>"; };
		8064894530335CE2005229DE /* Contents.json */ = {isa = PBXFileReference; lastKnownFileType = text.json; path = Contents.json; sourceTree = "<group>"; };
		8064894630335CE2005229DE /* icon_duck.jpg */ = {isa = PBXFileReference; lastKnownFileType = image.jpeg; path = icon_duck.jpg; sourceTree = "<group>"; };
		8064894830335CE2005229DE /* Contents.json */ = {isa = PBXFileReference; lastKnownFileType = text.json; path = Contents.json; sourceTree = "<group>"; };
		8064894930335CE2005229DE /* icon_eagle.jpg */ = {isa = PBXFileReference; lastKnownFileType = image.jpeg; path = icon_eagle.jpg; sourceTree = "<group>"; };
		8064894B30335CE2005229DE /* Contents.json */ = {isa = PBXFileReference; lastKnownFileType = text.json; path = Contents.json; sourceTree = "<group>"; };
		8064894C30335CE2005229DE /* icon_horse.jpg */ = {isa = PBXFileReference; lastKnownFileType = image.jpeg; path = icon_horse.jpg; sourceTree = "<group>"; };
		8064894E30335CE2005229DE /* Contents.json */ = {isa = PBXFileReference; lastKnownFileType = text.json; path = Contents.json; sourceTree = "<group>"; };
		8064894F30335CE2005229DE /* icon_wolf.jpg */ = {isa = PBXFileReference; lastKnownFileType = image.jpeg; path = icon_wolf.jpg; sourceTree = "<group>"; };
		8064895130335CE2005229DE /* 1200px-A_cat_on_a_motorcycle_in_the_medina_of_Tunis_20171017_131525.jpg */ = {isa = PBXFileReference; lastKnownFileType = image.jpeg; path = "1200px-A_cat_on_a_motorcycle_in_the_medina_of_Tunis_20171017_131525.jpg"; sourceTree = "<group>"; };
		8064895230335CE2005229DE /* Contents.json */ = {isa = PBXFileReference; lastKnownFileType = text.json; path = Contents.json; sourceTree = "<group>"; };
		8064895430335CE2005229DE /* Contents.json */ = {isa = PBXFileReference; lastKnownFileType = text.json; path = Contents.json; sourceTree = "<group>"; };
		8064895530335CE2005229DE /* Masahiro.jpg */ = {isa = PBXFileReference; lastKnownFileType = image.jpeg; path = Masahiro.jpg; sourceTree = "<group>"; };
		8064895730335CE2005229DE /* Contents.json */ = {isa = PBXFileReference; lastKnownFileType = text.json; path = Contents.json; sourceTree = "<group>"; };
		8064895830335CE2005229DE /* Koe_zijaanzicht_2.jpeg */ = {isa = PBXFileReference; lastKnownFileType = image.jpeg; path = Koe_zijaanzicht_2.jpeg; sourceTree = "<group>"; };
		8064895A30335CE2005229DE /* Contents.json */ = {isa = PBXFileReference; lastKnownFileType = text.json; path = Contents.json; sourceTree = "<group>"; };
		8064895B30335CE2005229DE /* image_duck.jpeg */ = {isa = PBXFileReference; lastKnownFileType = image.jpeg; path = image_duck.jpeg; sourceTree = "<group>"; };
		8064895D30335CE2005229DE /* Bald_Eagle_Portrait.jpg */ = {isa = PBXFileReference; lastKnownFileType = image.jpeg; path = Bald_Eagle_Portrait.jpg; sourceTree = "<group>"; };
		8064895E30335CE2005229DE /* Contents.json */ = {isa = PBXFileReference; lastKnownFileType = text.json; path = Contents.json; sourceTree = "<group>"; };
		8064896030335CE2005229DE /* American_quarter_horse.jpg */ = {isa = PBXFileReference; lastKnownFileType = image.jpeg; path = American_quarter_horse.jpg; sourceTree = "<group>"; };
		8064896130335CE2005229DE /* Contents.json */ = {isa = PBXFileReference; lastKnownFileType = text.json; path = Contents.json; sourceTree = "<group>"; };
		8064896330335CE2005229DE /* Contents.json */ = {isa = PBXFileReference; lastKnownFileType = text.json; path = Contents.json; sourceTree = "<group>"; };
		8064896430335CE2005229DE /* Eurasian_wolf_2.jpg */ = {isa = PBXFileReference; lastKnownFileType = image.jpeg; path = Eurasian_wolf_2.jpg; sourceTree = "<group>"; };
		8064896630335CE2005229DE /* Cat_Sound.mp3 */ = {isa = PBXFileReference; lastKnownFileType = audio.mp3; path = Cat_Sound.mp3; sourceTree = "<group>"; };
		8064896730335CE2005229DE /* Contents.json */ = {isa = PBXFileReference; lastKnownFileType = text.json; path = Contents.json; sourceTree = "<group>"; };
		8064896930335CE2005229DE /* Contents.json */ = {isa = PBXFileReference; lastKnownFileType = text.json; path = Contents.json; sourceTree = "<group>"; };
		8064896A30335CE2005229DE /* sound_chicken.mp3 */ = {isa = PBXFileReference; lastKnownFileType = audio.mp3; path = sound_chicken.mp3; sourceTree = "<group>"; };
		8064896C30335CE2005229DE /* Contents.json */ = {isa = PBXFileReference; lastKnownFileType = text.json; path = Contents.json; sourceTree = "<group>"; };
		8064896D30335CE2005229DE /* Cow_Sound.mp3 */ = {isa = PBXFileReference; lastKnownFileType = audio.mp3; path = Cow_Sound.mp3; sourceTree = "<group>"; };
		8064896F30335CE2005229DE /* Contents.json */ = {isa = PBXFileReference; lastKnownFileType = text.json; path = Contents.json; sourceTree = "<group>"; };
		8064897030335CE2005229DE /* sound_duck.mp3 */ = {isa = PBXFileReference; lastKnownFileType = audio.mp3; path = sound_duck.mp3; sourceTree = "<group>"; };
		8064897230335CE2005229DE /* Contents.json */ = {isa = PBXFileReference; lastKnownFileType = text.json; path = Contents.json; sourceTree = "<group>"; };
		8064897330335CE2005229DE /* sound_eagle.mp3 */ = {isa = PBXFileReference; lastKnownFileType = audio.mp3; path = sound_eagle.mp3; sourceTree = "<group>"; };
		8064897530335CE2005229DE /* Contents.json */ = {isa = PBXFileReference; lastKnownFileType = text.json; path = Contents.json; sourceTree = "<group>"; };
		8064897630335CE2005229DE /* Horse_Sound.mp3 */ = {isa = PBXFileReference; lastKnownFileType = audio.mp3; path = Horse_Sound.mp3; sourceTree = "<group>"; };
		8064897830335CE2005229DE /* Contents.json */ = {isa = PBXFileReference; lastKnownFileType = text.json; path = Contents.json; sourceTree = "<group>"; };
		8064897930335CE2005229DE /* Wolf_Sound.mp3 */ = {isa = PBXFileReference; lastKnownFileType = audio.mp3; path = Wolf_Sound.mp3; sourceTree = "<group>"; };
/* End PBXFileReference section */

/* Begin PBXFileSystemSynchronizedRootGroup section */
		8064891130335913005229DE /* ListApp */ = {
			isa = PBXFileSystemSynchronizedRootGroup;
			path = ListApp;
			sourceTree = "<group>";
		};
		8064892230335916005229DE /* ListAppTests */ = {
			isa = PBXFileSystemSynchronizedRootGroup;
			path = ListAppTests;
			sourceTree = "<group>";
		};
		8064892C30335916005229DE /* ListAppUITests */ = {
			isa = PBXFileSystemSynchronizedRootGroup;
			path = ListAppUITests;
			sourceTree = "<group>";
		};
/* End PBXFileSystemSynchronizedRootGroup section */

/* Begin PBXFrameworksBuildPhase section */
		8064890C30335913005229DE /* Frameworks */ = {
			isa = PBXFrameworksBuildPhase;
			buildActionMask = 2147483647;
			files = (
			);
			runOnlyForDeploymentPostprocessing = 0;
		};
		8064891C30335916005229DE /* Frameworks */ = {
			isa = PBXFrameworksBuildPhase;
			buildActionMask = 2147483647;
			files = (
			);
			runOnlyForDeploymentPostprocessing = 0;
		};
		8064892630335916005229DE /* Frameworks */ = {
			isa = PBXFrameworksBuildPhase;
			buildActionMask = 2147483647;
			files = (
			);
			runOnlyForDeploymentPostprocessing = 0;
		};
/* End PBXFrameworksBuildPhase section */

/* Begin PBXGroup section */
		8064890630335913005229DE = {
			isa = PBXGroup;
			children = (
				8064891130335913005229DE /* ListApp */,
				8064892230335916005229DE /* ListAppTests */,
				8064892C30335916005229DE /* ListAppUITests */,
				8064891030335913005229DE /* Products */,
				8064897D30335CE2005229DE /* SwiftUI_List_素材 */,
			);
			sourceTree = "<group>";
		};
		8064891030335913005229DE /* Products */ = {
			isa = PBXGroup;
			children = (
				8064890F30335913005229DE /* ListApp.app */,
				8064891F30335916005229DE /* ListAppTests.xctest */,
				8064892930335916005229DE /* ListAppUITests.xctest */,
			);
			name = Products;
			sourceTree = "<group>";
		};
		8064893E30335CE2005229DE /* icon_cat.imageset */ = {
			isa = PBXGroup;
			children = (
				8064893C30335CE2005229DE /* Contents.json */,
				8064893D30335CE2005229DE /* icon_cat.jpg */,
			);
			path = icon_cat.imageset;
			sourceTree = "<group>";
		};
		8064894130335CE2005229DE /* icon_chicken.imageset */ = {
			isa = PBXGroup;
			children = (
				8064893F30335CE2005229DE /* Contents.json */,
				8064894030335CE2005229DE /* icon_chicken.jpg */,
			);
			path = icon_chicken.imageset;
			sourceTree = "<group>";
		};
		8064894430335CE2005229DE /* icon_cow.imageset */ = {
			isa = PBXGroup;
			children = (
				8064894230335CE2005229DE /* Contents.json */,
				8064894330335CE2005229DE /* icon_cow.jpg */,
			);
			path = icon_cow.imageset;
			sourceTree = "<group>";
		};
		8064894730335CE2005229DE /* icon_duck.imageset */ = {
			isa = PBXGroup;
			children = (
				8064894530335CE2005229DE /* Contents.json */,
				8064894630335CE2005229DE /* icon_duck.jpg */,
			);
			path = icon_duck.imageset;
			sourceTree = "<group>";
		};
		8064894A30335CE2005229DE /* icon_eagle.imageset */ = {
			isa = PBXGroup;
			children = (
				8064894830335CE2005229DE /* Contents.json */,
				8064894930335CE2005229DE /* icon_eagle.jpg */,
			);
			path = icon_eagle.imageset;
			sourceTree = "<group>";
		};
		8064894D30335CE2005229DE /* icon_horse.imageset */ = {
			isa = PBXGroup;
			children = (
				8064894B30335CE2005229DE /* Contents.json */,
				8064894C30335CE2005229DE /* icon_horse.jpg */,
			);
			path = icon_horse.imageset;
			sourceTree = "<group>";
		};
		8064895030335CE2005229DE /* icon_wolf.imageset */ = {
			isa = PBXGroup;
			children = (
				8064894E30335CE2005229DE /* Contents.json */,
				8064894F30335CE2005229DE /* icon_wolf.jpg */,
			);
			path = icon_wolf.imageset;
			sourceTree = "<group>";
		};
		8064895330335CE2005229DE /* image_cat.imageset */ = {
			isa = PBXGroup;
			children = (
				8064895130335CE2005229DE /* 1200px-A_cat_on_a_motorcycle_in_the_medina_of_Tunis_20171017_131525.jpg */,
				8064895230335CE2005229DE /* Contents.json */,
			);
			path = image_cat.imageset;
			sourceTree = "<group>";
		};
		8064895630335CE2005229DE /* image_chicken.imageset */ = {
			isa = PBXGroup;
			children = (
				8064895430335CE2005229DE /* Contents.json */,
				8064895530335CE2005229DE /* Masahiro.jpg */,
			);
			path = image_chicken.imageset;
			sourceTree = "<group>";
		};
		8064895930335CE2005229DE /* image_cow.imageset */ = {
			isa = PBXGroup;
			children = (
				8064895730335CE2005229DE /* Contents.json */,
				8064895830335CE2005229DE /* Koe_zijaanzicht_2.jpeg */,
			);
			path = image_cow.imageset;
			sourceTree = "<group>";
		};
		8064895C30335CE2005229DE /* image_duck.imageset */ = {
			isa = PBXGroup;
			children = (
				8064895A30335CE2005229DE /* Contents.json */,
				8064895B30335CE2005229DE /* image_duck.jpeg */,
			);
			path = image_duck.imageset;
			sourceTree = "<group>";
		};
		8064895F30335CE2005229DE /* image_eagle.imageset */ = {
			isa = PBXGroup;
			children = (
				8064895D30335CE2005229DE /* Bald_Eagle_Portrait.jpg */,
				8064895E30335CE2005229DE /* Contents.json */,
			);
			path = image_eagle.imageset;
			sourceTree = "<group>";
		};
		8064896230335CE2005229DE /* image_horse.imageset */ = {
			isa = PBXGroup;
			children = (
				8064896030335CE2005229DE /* American_quarter_horse.jpg */,
				8064896130335CE2005229DE /* Contents.json */,
			);
			path = image_horse.imageset;
			sourceTree = "<group>";
		};
		8064896530335CE2005229DE /* image_wolf.imageset */ = {
			isa = PBXGroup;
			children = (
				8064896330335CE2005229DE /* Contents.json */,
				8064896430335CE2005229DE /* Eurasian_wolf_2.jpg */,
			);
			path = image_wolf.imageset;
			sourceTree = "<group>";
		};
		8064896830335CE2005229DE /* sound_cat.dataset */ = {
			isa = PBXGroup;
			children = (
				8064896630335CE2005229DE /* Cat_Sound.mp3 */,
				8064896730335CE2005229DE /* Contents.json */,
			);
			path = sound_cat.dataset;
			sourceTree = "<group>";
		};
		8064896B30335CE2005229DE /* sound_chicken.dataset */ = {
			isa = PBXGroup;
			children = (
				8064896930335CE2005229DE /* Contents.json */,
				8064896A30335CE2005229DE /* sound_chicken.mp3 */,
			);
			path = sound_chicken.dataset;
			sourceTree = "<group>";
		};
		8064896E30335CE2005229DE /* sound_cow.dataset */ = {
			isa = PBXGroup;
			children = (
				8064896C30335CE2005229DE /* Contents.json */,
				8064896D30335CE2005229DE /* Cow_Sound.mp3 */,
			);
			path = sound_cow.dataset;
			sourceTree = "<group>";
		};
		8064897130335CE2005229DE /* sound_duck.dataset */ = {
			isa = PBXGroup;
			children = (
				8064896F30335CE2005229DE /* Contents.json */,
				8064897030335CE2005229DE /* sound_duck.mp3 */,
			);
			path = sound_duck.dataset;
			sourceTree = "<group>";
		};
		8064897430335CE2005229DE /* sound_eagle.dataset */ = {
			isa = PBXGroup;
			children = (
				8064897230335CE2005229DE /* Contents.json */,
				8064897330335CE2005229DE /* sound_eagle.mp3 */,
			);
			path = sound_eagle.dataset;
			sourceTree = "<group>";
		};
		8064897730335CE2005229DE /* sound_horse.dataset */ = {
			isa = PBXGroup;
			children = (
				8064897530335CE2005229DE /* Contents.json */,
				8064897630335CE2005229DE /* Horse_Sound.mp3 */,
			);
			path = sound_horse.dataset;
			sourceTree = "<group>";
		};
		8064897A30335CE2005229DE /* sound_wolf.dataset */ = {
			isa = PBXGroup;
			children = (
				8064897830335CE2005229DE /* Contents.json */,
				8064897930335CE2005229DE /* Wolf_Sound.mp3 */,
			);
			path = sound_wolf.dataset;
			sourceTree = "<group>";
		};
		8064897B30335CE2005229DE /* 素材 */ = {
			isa = PBXGroup;
			children = (
				8064893E30335CE2005229DE /* icon_cat.imageset */,
				8064894130335CE2005229DE /* icon_chicken.imageset */,
				8064894430335CE2005229DE /* icon_cow.imageset */,
				8064894730335CE2005229DE /* icon_duck.imageset */,
				8064894A30335CE2005229DE /* icon_eagle.imageset */,
				8064894D30335CE2005229DE /* icon_horse.imageset */,
				8064895030335CE2005229DE /* icon_wolf.imageset */,
				8064895330335CE2005229DE /* image_cat.imageset */,
				8064895630335CE2005229DE /* image_chicken.imageset */,
				8064895930335CE2005229DE /* image_cow.imageset */,
				8064895C30335CE2005229DE /* image_duck.imageset */,
				8064895F30335CE2005229DE /* image_eagle.imageset */,
				8064896230335CE2005229DE /* image_horse.imageset */,
				8064896530335CE2005229DE /* image_wolf.imageset */,
				8064896830335CE2005229DE /* sound_cat.dataset */,
				8064896B30335CE2005229DE /* sound_chicken.dataset */,
				8064896E30335CE2005229DE /* sound_cow.dataset */,
				8064897130335CE2005229DE /* sound_duck.dataset */,
				8064897430335CE2005229DE /* sound_eagle.dataset */,
				8064897730335CE2005229DE /* sound_horse.dataset */,
				8064897A30335CE2005229DE /* sound_wolf.dataset */,
			);
			path = "素材";
			sourceTree = "<group>";
		};
		8064897D30335CE2005229DE /* SwiftUI_List_素材 */ = {
			isa = PBXGroup;
			children = (
				8064897B30335CE2005229DE /* 素材 */,
			);
			path = "SwiftUI_List_素材";
			sourceTree = "<group>";
		};
/* End PBXGroup section */

/* Begin PBXNativeTarget section */
		8064890E30335913005229DE /* ListApp */ = {
			isa = PBXNativeTarget;
			buildConfigurationList = 8064893330335916005229DE /* Build configuration list for PBXNativeTarget "ListApp" */;
			buildPhases = (
				8064890B30335913005229DE /* Sources */,
				8064890C30335913005229DE /* Frameworks */,
				8064890D30335913005229DE /* Resources */,
			);
			buildRules = (
			);
			dependencies = (
			);
			fileSystemSynchronizedGroups = (
				8064891130335913005229DE /* ListApp */,
			);
			name = ListApp;
			packageProductDependencies = (
			);
			productName = ListApp;
			productReference = 8064890F30335913005229DE /* ListApp.app */;
			productType = "com.apple.product-type.application";
		};
		8064891E30335916005229DE /* ListAppTests */ = {
			isa = PBXNativeTarget;
			buildConfigurationList = 8064893630335916005229DE /* Build configuration list for PBXNativeTarget "ListAppTests" */;
			buildPhases = (
				8064891B30335916005229DE /* Sources */,
				8064891C30335916005229DE /* Frameworks */,
				8064891D30335916005229DE /* Resources */,
			);
			buildRules = (
			);
			dependencies = (
				8064892130335916005229DE /* PBXTargetDependency */,
			);
			fileSystemSynchronizedGroups = (
				8064892230335916005229DE /* ListAppTests */,
			);
			name = ListAppTests;
			packageProductDependencies = (
			);
			productName = ListAppTests;
			productReference = 8064891F30335916005229DE /* ListAppTests.xctest */;
			productType = "com.apple.product-type.bundle.unit-test";
		};
		8064892830335916005229DE /* ListAppUITests */ = {
			isa = PBXNativeTarget;
			buildConfigurationList = 8064893930335916005229DE /* Build configuration list for PBXNativeTarget "ListAppUITests" */;
			buildPhases = (
				8064892530335916005229DE /* Sources */,
				8064892630335916005229DE /* Frameworks */,
				8064892730335916005229DE /* Resources */,
			);
			buildRules = (
			);
			dependencies = (
				8064892B30335916005229DE /* PBXTargetDependency */,
			);
			fileSystemSynchronizedGroups = (
				8064892C30335916005229DE /* ListAppUITests */,
			);
			name = ListAppUITests;
			packageProductDependencies = (
			);
			productName = ListAppUITests;
			productReference = 8064892930335916005229DE /* ListAppUITests.xctest */;
			productType = "com.apple.product-type.bundle.ui-testing";
		};
/* End PBXNativeTarget section */

/* Begin PBXProject section */
		8064890730335913005229DE /* Project object */ = {
			isa = PBXProject;
			attributes = {
				BuildIndependentTargetsInParallel = 1;
				LastSwiftUpdateCheck = 1620;
				LastUpgradeCheck = 1620;
				TargetAttributes = {
					8064890E30335913005229DE = {
						CreatedOnToolsVersion = 16.2;
					};
					8064891E30335916005229DE = {
						CreatedOnToolsVersion = 16.2;
						TestTargetID = 8064890E30335913005229DE;
					};
					8064892830335916005229DE = {
						CreatedOnToolsVersion = 16.2;
						TestTargetID = 8064890E30335913005229DE;
					};
				};
			};
			buildConfigurationList = 8064890A30335913005229DE /* Build configuration list for PBXProject "ListApp" */;
			developmentRegion = en;
			hasScannedForEncodings = 0;
			knownRegions = (
				en,
				Base,
			);
			mainGroup = 8064890630335913005229DE;
			minimizedProjectReferenceProxies = 1;
			preferredProjectObjectVersion = 77;
			productRefGroup = 8064891030335913005229DE /* Products */;
			projectDirPath = "";
			projectRoot = "";
			targets = (
				8064890E30335913005229DE /* ListApp */,
				8064891E30335916005229DE /* ListAppTests */,
				8064892830335916005229DE /* ListAppUITests */,
			);
		};
/* End PBXProject section */

/* Begin PBXResourcesBuildPhase section */
		8064890D30335913005229DE /* Resources */ = {
			isa = PBXResourcesBuildPhase;
			buildActionMask = 2147483647;
			files = (
				8064897E30335CE2005229DE /* Eurasian_wolf_2.jpg in Resources */,
				8064897F30335CE2005229DE /* icon_cat.jpg in Resources */,
				8064898030335CE2005229DE /* Contents.json in Resources */,
				8064898130335CE2005229DE /* Contents.json in Resources */,
				8064898230335CE2005229DE /* 1200px-A_cat_on_a_motorcycle_in_the_medina_of_Tunis_20171017_131525.jpg in Resources */,
				8064898330335CE2005229DE /* Koe_zijaanzicht_2.jpeg in Resources */,
				8064898430335CE2005229DE /* Contents.json in Resources */,
				8064898530335CE2005229DE /* icon_cow.jpg in Resources */,
				8064898630335CE2005229DE /* Cow_Sound.mp3 in Resources */,
				8064898730335CE2005229DE /* Contents.json in Resources */,
				8064898830335CE2005229DE /* Contents.json in Resources */,
				8064898930335CE2005229DE /* sound_chicken.mp3 in Resources */,
				8064898A30335CE2005229DE /* sound_eagle.mp3 in Resources */,
				8064898B30335CE2005229DE /* Cat_Sound.mp3 in Resources */,
				8064898C30335CE2005229DE /* Contents.json in Resources */,
				8064898D30335CE2005229DE /* Contents.json in Resources */,
				8064898E30335CE2005229DE /* Contents.json in Resources */,
				8064898F30335CE2005229DE /* Contents.json in Resources */,
				8064899030335CE2005229DE /* icon_duck.jpg in Resources */,
				8064899130335CE2005229DE /* Horse_Sound.mp3 in Resources */,
				8064899230335CE2005229DE /* sound_duck.mp3 in Resources */,
				8064899330335CE2005229DE /* Contents.json in Resources */,
				8064899430335CE2005229DE /* Contents.json in Resources */,
				8064899530335CE2005229DE /* American_quarter_horse.jpg in Resources */,
				8064899630335CE2005229DE /* icon_eagle.jpg in Resources */,
				8064899730335CE2005229DE /* Contents.json in Resources */,
				8064899830335CE2005229DE /* icon_chicken.jpg in Resources */,
				8064899930335CE2005229DE /* Wolf_Sound.mp3 in Resources */,
				8064899A30335CE2005229DE /* image_duck.jpeg in Resources */,
				8064899B30335CE2005229DE /* Bald_Eagle_Portrait.jpg in Resources */,
				8064899C30335CE2005229DE /* Contents.json in Resources */,
				8064899D30335CE2005229DE /* Contents.json in Resources */,
				8064899E30335CE2005229DE /* Contents.json in Resources */,
				8064899F30335CE2005229DE /* Contents.json in Resources */,
				806489A030335CE2005229DE /* Contents.json in Resources */,
				806489A130335CE2005229DE /* icon_horse.jpg in Resources */,
				806489A230335CE2005229DE /* Masahiro.jpg in Resources */,
				806489A330335CE2005229DE /* Contents.json in Resources */,
				806489A430335CE2005229DE /* Contents.json in Resources */,
				806489A530335CE2005229DE /* icon_wolf.jpg in Resources */,
				806489A630335CE2005229DE /* Contents.json in Resources */,
				806489A730335CE2005229DE /* Contents.json in Resources */,
			);
			runOnlyForDeploymentPostprocessing = 0;
		};
		8064891D30335916005229DE /* Resources */ = {
			isa = PBXResourcesBuildPhase;
			buildActionMask = 2147483647;
			files = (
			);
			runOnlyForDeploymentPostprocessing = 0;
		};
		8064892730335916005229DE /* Resources */ = {
			isa = PBXResourcesBuildPhase;
			buildActionMask = 2147483647;
			files = (
			);
			runOnlyForDeploymentPostprocessing = 0;
		};
/* End PBXResourcesBuildPhase section */

/* Begin PBXSourcesBuildPhase section */
		8064890B30335913005229DE /* Sources */ = {
			isa = PBXSourcesBuildPhase;
			buildActionMask = 2147483647;
			files = (
			);
			runOnlyForDeploymentPostprocessing = 0;
		};
		8064891B30335916005229DE /* Sources */ = {
			isa = PBXSourcesBuildPhase;
			buildActionMask = 2147483647;
			files = (
			);
			runOnlyForDeploymentPostprocessing = 0;
		};
		8064892530335916005229DE /* Sources */ = {
			isa = PBXSourcesBuildPhase;
			buildActionMask = 2147483647;
			files = (
			);
			runOnlyForDeploymentPostprocessing = 0;
		};
/* End PBXSourcesBuildPhase section */

/* Begin PBXTargetDependency section */
		8064892130335916005229DE /* PBXTargetDependency */ = {
			isa = PBXTargetDependency;
			target = 8064890E30335913005229DE /* ListApp */;
			targetProxy = 8064892030335916005229DE /* PBXContainerItemProxy */;
		};
		8064892B30335916005229DE /* PBXTargetDependency */ = {
			isa = PBXTargetDependency;
			target = 8064890E30335913005229DE /* ListApp */;
			targetProxy = 8064892A30335916005229DE /* PBXContainerItemProxy */;
		};
/* End PBXTargetDependency section */

/* Begin XCBuildConfiguration section */
		8064893130335916005229DE /* Debug */ = {
			isa = XCBuildConfiguration;
			buildSettings = {
				ALWAYS_SEARCH_USER_PATHS = NO;
				ASSETCATALOG_COMPILER_GENERATE_SWIFT_ASSET_SYMBOL_EXTENSIONS = YES;
				CLANG_ANALYZER_NONNULL = YES;
				CLANG_ANALYZER_NUMBER_OBJECT_CONVERSION = YES_AGGRESSIVE;
				CLANG_CXX_LANGUAGE_STANDARD = "gnu++20";
				CLANG_ENABLE_MODULES = YES;
				CLANG_ENABLE_OBJC_ARC = YES;
				CLANG_ENABLE_OBJC_WEAK = YES;
				CLANG_WARN_BLOCK_CAPTURE_AUTORELEASING = YES;
				CLANG_WARN_BOOL_CONVERSION = YES;
				CLANG_WARN_COMMA = YES;
				CLANG_WARN_CONSTANT_CONVERSION = YES;
				CLANG_WARN_DEPRECATED_OBJC_IMPLEMENTATIONS = YES;
				CLANG_WARN_DIRECT_OBJC_ISA_USAGE = YES_ERROR;
				CLANG_WARN_DOCUMENTATION_COMMENTS = YES;
				CLANG_WARN_EMPTY_BODY = YES;
				CLANG_WARN_ENUM_CONVERSION = YES;
				CLANG_WARN_INFINITE_RECURSION = YES;
				CLANG_WARN_INT_CONVERSION = YES;
				CLANG_WARN_NON_LITERAL_NULL_CONVERSION = YES;
				CLANG_WARN_OBJC_IMPLICIT_RETAIN_SELF = YES;
				CLANG_WARN_OBJC_LITERAL_CONVERSION = YES;
				CLANG_WARN_OBJC_ROOT_CLASS = YES_ERROR;
				CLANG_WARN_QUOTED_INCLUDE_IN_FRAMEWORK_HEADER = YES;
				CLANG_WARN_RANGE_LOOP_ANALYSIS = YES;
				CLANG_WARN_STRICT_PROTOTYPES = YES;
				CLANG_WARN_SUSPICIOUS_MOVE = YES;
				CLANG_WARN_UNGUARDED_AVAILABILITY = YES_AGGRESSIVE;
				CLANG_WARN_UNREACHABLE_CODE = YES;
				CLANG_WARN__DUPLICATE_METHOD_MATCH = YES;
				COPY_PHASE_STRIP = NO;
				DEBUG_INFORMATION_FORMAT = dwarf;
				ENABLE_STRICT_OBJC_MSGSEND = YES;
				ENABLE_TESTABILITY = YES;
				ENABLE_USER_SCRIPT_SANDBOXING = YES;
				GCC_C_LANGUAGE_STANDARD = gnu17;
				GCC_DYNAMIC_NO_PIC = NO;
				GCC_NO_COMMON_BLOCKS = YES;
				GCC_OPTIMIZATION_LEVEL = 0;
				GCC_PREPROCESSOR_DEFINITIONS = (
					"DEBUG=1",
					"$(inherited)",
				);
				GCC_WARN_64_TO_32_BIT_CONVERSION = YES;
				GCC_WARN_ABOUT_RETURN_TYPE = YES_ERROR;
				GCC_WARN_UNDECLARED_SELECTOR = YES;
				GCC_WARN_UNINITIALIZED_AUTOS = YES_AGGRESSIVE;
				GCC_WARN_UNUSED_FUNCTION = YES;
				GCC_WARN_UNUSED_VARIABLE = YES;
				IPHONEOS_DEPLOYMENT_TARGET = 18.2;
				LOCALIZATION_PREFERS_STRING_CATALOGS = YES;
				MTL_ENABLE_DEBUG_INFO = INCLUDE_SOURCE;
				MTL_FAST_MATH = YES;
				ONLY_ACTIVE_ARCH = YES;
				SDKROOT = iphoneos;
				SWIFT_ACTIVE_COMPILATION_CONDITIONS = "DEBUG $(inherited)";
				SWIFT_OPTIMIZATION_LEVEL = "-Onone";
			};
			name = Debug;
		};
		8064893230335916005229DE /* Release */ = {
			isa = XCBuildConfiguration;
			buildSettings = {
				ALWAYS_SEARCH_USER_PATHS = NO;
				ASSETCATALOG_COMPILER_GENERATE_SWIFT_ASSET_SYMBOL_EXTENSIONS = YES;
				CLANG_ANALYZER_NONNULL = YES;
				CLANG_ANALYZER_NUMBER_OBJECT_CONVERSION = YES_AGGRESSIVE;
				CLANG_CXX_LANGUAGE_STANDARD = "gnu++20";
				CLANG_ENABLE_MODULES = YES;
				CLANG_ENABLE_OBJC_ARC = YES;
				CLANG_ENABLE_OBJC_WEAK = YES;
				CLANG_WARN_BLOCK_CAPTURE_AUTORELEASING = YES;
				CLANG_WARN_BOOL_CONVERSION = YES;
				CLANG_WARN_COMMA = YES;
				CLANG_WARN_CONSTANT_CONVERSION = YES;
				CLANG_WARN_DEPRECATED_OBJC_IMPLEMENTATIONS = YES;
				CLANG_WARN_DIRECT_OBJC_ISA_USAGE = YES_ERROR;
				CLANG_WARN_DOCUMENTATION_COMMENTS = YES;
				CLANG_WARN_EMPTY_BODY = YES;
				CLANG_WARN_ENUM_CONVERSION = YES;
				CLANG_WARN_INFINITE_RECURSION = YES;
				CLANG_WARN_INT_CONVERSION = YES;
				CLANG_WARN_NON_LITERAL_NULL_CONVERSION = YES;
				CLANG_WARN_OBJC_IMPLICIT_RETAIN_SELF = YES;
				CLANG_WARN_OBJC_LITERAL_CONVERSION = YES;
				CLANG_WARN_OBJC_ROOT_CLASS = YES_ERROR;
				CLANG_WARN_QUOTED_INCLUDE_IN_FRAMEWORK_HEADER = YES;
				CLANG_WARN_RANGE_LOOP_ANALYSIS = YES;
				CLANG_WARN_STRICT_PROTOTYPES = YES;
				CLANG_WARN_SUSPICIOUS_MOVE = YES;
				CLANG_WARN_UNGUARDED_AVAILABILITY = YES_AGGRESSIVE;
				CLANG_WARN_UNREACHABLE_CODE = YES;
				CLANG_WARN__DUPLICATE_METHOD_MATCH = YES;
				COPY_PHASE_STRIP = NO;
				DEBUG_INFORMATION_FORMAT = "dwarf-with-dsym";
				ENABLE_NS_ASSERTIONS = NO;
				ENABLE_STRICT_OBJC_MSGSEND = YES;
				ENABLE_USER_SCRIPT_SANDBOXING = YES;
				GCC_C_LANGUAGE_STANDARD = gnu17;
				GCC_NO_COMMON_BLOCKS = YES;
				GCC_WARN_64_TO_32_BIT_CONVERSION = YES;
				GCC_WARN_ABOUT_RETURN_TYPE = YES_ERROR;
				GCC_WARN_UNDECLARED_SELECTOR = YES;
				GCC_WARN_UNINITIALIZED_AUTOS = YES_AGGRESSIVE;
				GCC_WARN_UNUSED_FUNCTION = YES;
				GCC_WARN_UNUSED_VARIABLE = YES;
				IPHONEOS_DEPLOYMENT_TARGET = 18.2;
				LOCALIZATION_PREFERS_STRING_CATALOGS = YES;
				MTL_ENABLE_DEBUG_INFO = NO;
				MTL_FAST_MATH = YES;
				SDKROOT = iphoneos;
				SWIFT_COMPILATION_MODE = wholemodule;
				VALIDATE_PRODUCT = YES;
			};
			name = Release;
		};
		8064893430335916005229DE /* Debug */ = {
			isa = XCBuildConfiguration;
			buildSettings = {
				ASSETCATALOG_COMPILER_APPICON_NAME = AppIcon;
				ASSETCATALOG_COMPILER_GLOBAL_ACCENT_COLOR_NAME = AccentColor;
				CODE_SIGN_STYLE = Automatic;
				CURRENT_PROJECT_VERSION = 1;
				DEVELOPMENT_ASSET_PATHS = "\"ListApp/Preview Content\"";
				DEVELOPMENT_TEAM = 6883D837G9;
				ENABLE_PREVIEWS = YES;
				GENERATE_INFOPLIST_FILE = YES;
				INFOPLIST_KEY_UIApplicationSceneManifest_Generation = YES;
				INFOPLIST_KEY_UIApplicationSupportsIndirectInputEvents = YES;
				INFOPLIST_KEY_UILaunchScreen_Generation = YES;
				INFOPLIST_KEY_UISupportedInterfaceOrientations_iPad = "UIInterfaceOrientationPortrait UIInterfaceOrientationPortraitUpsideDown UIInterfaceOrientationLandscapeLeft UIInterfaceOrientationLandscapeRight";
				INFOPLIST_KEY_UISupportedInterfaceOrientations_iPhone = "UIInterfaceOrientationPortrait UIInterfaceOrientationLandscapeLeft UIInterfaceOrientationLandscapeRight";
				LD_RUNPATH_SEARCH_PATHS = (
					"$(inherited)",
					"@executable_path/Frameworks",
				);
				MARKETING_VERSION = 1.0;
				PRODUCT_BUNDLE_IDENTIFIER = app.kanai.natsuki.ListApp;
				PRODUCT_NAME = "$(TARGET_NAME)";
				SWIFT_EMIT_LOC_STRINGS = YES;
				SWIFT_VERSION = 5.0;
				TARGETED_DEVICE_FAMILY = "1,2";
			};
			name = Debug;
		};
		8064893530335916005229DE /* Release */ = {
			isa = XCBuildConfiguration;
			buildSettings = {
				ASSETCATALOG_COMPILER_APPICON_NAME = AppIcon;
				ASSETCATALOG_COMPILER_GLOBAL_ACCENT_COLOR_NAME = AccentColor;
				CODE_SIGN_STYLE = Automatic;
				CURRENT_PROJECT_VERSION = 1;
				DEVELOPMENT_ASSET_PATHS = "\"ListApp/Preview Content\"";
				DEVELOPMENT_TEAM = 6883D837G9;
				ENABLE_PREVIEWS = YES;
				GENERATE_INFOPLIST_FILE = YES;
				INFOPLIST_KEY_UIApplicationSceneManifest_Generation = YES;
				INFOPLIST_KEY_UIApplicationSupportsIndirectInputEvents = YES;
				INFOPLIST_KEY_UILaunchScreen_Generation = YES;
				INFOPLIST_KEY_UISupportedInterfaceOrientations_iPad = "UIInterfaceOrientationPortrait UIInterfaceOrientationPortraitUpsideDown UIInterfaceOrientationLandscapeLeft UIInterfaceOrientationLandscapeRight";
				INFOPLIST_KEY_UISupportedInterfaceOrientations_iPhone = "UIInterfaceOrientationPortrait UIInterfaceOrientationLandscapeLeft UIInterfaceOrientationLandscapeRight";
				LD_RUNPATH_SEARCH_PATHS = (
					"$(inherited)",
					"@executable_path/Frameworks",
				);
				MARKETING_VERSION = 1.0;
				PRODUCT_BUNDLE_IDENTIFIER = app.kanai.natsuki.ListApp;
				PRODUCT_NAME = "$(TARGET_NAME)";
				SWIFT_EMIT_LOC_STRINGS = YES;
				SWIFT_VERSION = 5.0;
				TARGETED_DEVICE_FAMILY = "1,2";
			};
			name = Release;
		};
		8064893730335916005229DE /* Debug */ = {
			isa = XCBuildConfiguration;
			buildSettings = {
				BUNDLE_LOADER = "$(TEST_HOST)";
				CODE_SIGN_STYLE = Automatic;
				CURRENT_PROJECT_VERSION = 1;
				DEVELOPMENT_TEAM = 6883D837G9;
				GENERATE_INFOPLIST_FILE = YES;
				IPHONEOS_DEPLOYMENT_TARGET = 18.2;
				MARKETING_VERSION = 1.0;
				PRODUCT_BUNDLE_IDENTIFIER = app.kanai.natsuki.ListAppTests;
				PRODUCT_NAME = "$(TARGET_NAME)";
				SWIFT_EMIT_LOC_STRINGS = NO;
				SWIFT_VERSION = 5.0;
				TARGETED_DEVICE_FAMILY = "1,2";
				TEST_HOST = "$(BUILT_PRODUCTS_DIR)/ListApp.app/$(BUNDLE_EXECUTABLE_FOLDER_PATH)/ListApp";
			};
			name = Debug;
		};
		8064893830335916005229DE /* Release */ = {
			isa = XCBuildConfiguration;
			buildSettings = {
				BUNDLE_LOADER = "$(TEST_HOST)";
				CODE_SIGN_STYLE = Automatic;
				CURRENT_PROJECT_VERSION = 1;
				DEVELOPMENT_TEAM = 6883D837G9;
				GENERATE_INFOPLIST_FILE = YES;
				IPHONEOS_DEPLOYMENT_TARGET = 18.2;
				MARKETING_VERSION = 1.0;
				PRODUCT_BUNDLE_IDENTIFIER = app.kanai.natsuki.ListAppTests;
				PRODUCT_NAME = "$(TARGET_NAME)";
				SWIFT_EMIT_LOC_STRINGS = NO;
				SWIFT_VERSION = 5.0;
				TARGETED_DEVICE_FAMILY = "1,2";
				TEST_HOST = "$(BUILT_PRODUCTS_DIR)/ListApp.app/$(BUNDLE_EXECUTABLE_FOLDER_PATH)/ListApp";
			};
			name = Release;
		};
		8064893A30335916005229DE /* Debug */ = {
			isa = XCBuildConfiguration;
			buildSettings = {
				CODE_SIGN_STYLE = Automatic;
				CURRENT_PROJECT_VERSION = 1;
				DEVELOPMENT_TEAM = 6883D837G9;
				GENERATE_INFOPLIST_FILE = YES;
				MARKETING_VERSION = 1.0;
				PRODUCT_BUNDLE_IDENTIFIER = app.kanai.natsuki.ListAppUITests;
				PRODUCT_NAME = "$(TARGET_NAME)";
				SWIFT_EMIT_LOC_STRINGS = NO;
				SWIFT_VERSION = 5.0;
				TARGETED_DEVICE_FAMILY = "1,2";
				TEST_TARGET_NAME = ListApp;
			};
			name = Debug;
		};
		8064893B30335916005229DE /* Release */ = {
			isa = XCBuildConfiguration;
			buildSettings = {
				CODE_SIGN_STYLE = Automatic;
				CURRENT_PROJECT_VERSION = 1;
				DEVELOPMENT_TEAM = 6883D837G9;
				GENERATE_INFOPLIST_FILE = YES;
				MARKETING_VERSION = 1.0;
				PRODUCT_BUNDLE_IDENTIFIER = app.kanai.natsuki.ListAppUITests;
				PRODUCT_NAME = "$(TARGET_NAME)";
				SWIFT_EMIT_LOC_STRINGS = NO;
				SWIFT_VERSION = 5.0;
				TARGETED_DEVICE_FAMILY = "1,2";
				TEST_TARGET_NAME = ListApp;
			};
			name = Release;
		};
/* End XCBuildConfiguration section */

/* Begin XCConfigurationList section */
		8064890A30335913005229DE /* Build configuration list for PBXProject "ListApp" */ = {
			isa = XCConfigurationList;
			buildConfigurations = (
				8064893130335916005229DE /* Debug */,
				8064893230335916005229DE /* Release */,
			);
			defaultConfigurationIsVisible = 0;
			defaultConfigurationName = Release;
		};
		8064893330335916005229DE /* Build configuration list for PBXNativeTarget "ListApp" */ = {
			isa = XCConfigurationList;
			buildConfigurations = (
				8064893430335916005229DE /* Debug */,
				8064893530335916005229DE /* Release */,
			);
			defaultConfigurationIsVisible = 0;
			defaultConfigurationName = Release;
		};
		8064893630335916005229DE /* Build configuration list for PBXNativeTarget "ListAppTests" */ = {
			isa = XCConfigurationList;
			buildConfigurations = (
				8064893730335916005229DE /* Debug */,
				8064893830335916005229DE /* Release */,
			);
			defaultConfigurationIsVisible = 0;
			defaultConfigurationName = Release;
		};
		8064893930335916005229DE /* Build configuration list for PBXNativeTarget "ListAppUITests" */ = {
			isa = XCConfigurationList;
			buildConfigurations = (
				8064893A30335916005229DE /* Debug */,
				8064893B30335916005229DE /* Release */,
			);
			defaultConfigurationIsVisible = 0;
			defaultConfigurationName = Release;
		};
/* End XCConfigurationList section */
	};
	rootObject = 8064890730335913005229DE /* Project object */;
}
